
Microsoft Visual Studio Solution File, Format Version 11.00
# Visual Studio 2010
Project("{E17AB4A1-DF35-4579-9E91-0CFFBFB6391A}") = "x-com", "x-com.ucproj", "{EB63E017-A2F5-4667-BBBA-9815C2649AA1}"
EndProject
Project("{FAE04EC0-301F-11D3-BF4B-00C04F79EFBC}") = "SQliteDB", "SQliteDB.csproj", "{8C699882-5FE9-46F0-95B1-F5BA6906C9EC}"
EndProject
Global
	GlobalSection(SolutionConfigurationPlatforms) = preSolution
		Debug|Mixed Platforms = Debug|Mixed Platforms
		Debug|Win32 = Debug|Win32
		Debug|x86 = Debug|x86
		Release|Mixed Platforms = Release|Mixed Platforms
		Release|Win32 = Release|Win32
		Release|x86 = Release|x86
	EndGlobalSection
	GlobalSection(ProjectConfigurationPlatforms) = postSolution
		{EB63E017-A2F5-4667-BBBA-9815C2649AA1}.Debug|Mixed Platforms.ActiveCfg = Debug|Win32
		{EB63E017-A2F5-4667-BBBA-9815C2649AA1}.Debug|Mixed Platforms.Build.0 = Debug|Win32
		{EB63E017-A2F5-4667-BBBA-9815C2649AA1}.Debug|Win32.ActiveCfg = Debug|Win32
		{EB63E017-A2F5-4667-BBBA-9815C2649AA1}.Debug|Win32.Build.0 = Debug|Win32
		{EB63E017-A2F5-4667-BBBA-9815C2649AA1}.Debug|x86.ActiveCfg = Debug|Win32
		{EB63E017-A2F5-4667-BBBA-9815C2649AA1}.Release|Mixed Platforms.ActiveCfg = Release|Win32
		{EB63E017-A2F5-4667-BBBA-9815C2649AA1}.Release|Mixed Platforms.Build.0 = Release|Win32
		{EB63E017-A2F5-4667-BBBA-9815C2649AA1}.Release|Win32.ActiveCfg = Release|Win32
		{EB63E017-A2F5-4667-BBBA-9815C2649AA1}.Release|Win32.Build.0 = Release|Win32
		{EB63E017-A2F5-4667-BBBA-9815C2649AA1}.Release|x86.ActiveCfg = Release|Win32
		{8C699882-5FE9-46F0-95B1-F5BA6906C9EC}.Debug|Mixed Platforms.ActiveCfg = Debug|x86
		{8C699882-5FE9-46F0-95B1-F5BA6906C9EC}.Debug|Win32.ActiveCfg = Debug|x86
		{8C699882-5FE9-46F0-95B1-F5BA6906C9EC}.Debug|x86.ActiveCfg = Debug|x86
		{8C699882-5FE9-46F0-95B1-F5BA6906C9EC}.Debug|x86.Build.0 = Debug|x86
		{8C699882-5FE9-46F0-95B1-F5BA6906C9EC}.Release|Mixed Platforms.ActiveCfg = Release|x86
		{8C699882-5FE9-46F0-95B1-F5BA6906C9EC}.Release|Win32.ActiveCfg = Release|x86
		{8C699882-5FE9-46F0-95B1-F5BA6906C9EC}.Release|x86.ActiveCfg = Release|x86
		{8C699882-5FE9-46F0-95B1-F5BA6906C9EC}.Release|x86.Build.0 = Release|x86
	EndGlobalSection
	GlobalSection(SolutionProperties) = preSolution
		HideSolutionNode = FALSE
	EndGlobalSection
EndGlobal
